
Microsoft Visual Studio Solution File, Format Version 12.00
# Visual Studio Version 16
VisualStudioVersion = 16.0.29215.179
MinimumVisualStudioVersion = 10.0.40219.1
Project("{9A19103F-16F7-4668-BE54-9A1E7A4F7556}") = "FaceRecognitionAPI", "FaceRecognitionAPI\FaceRecognitionAPI.csproj", "{D4B223E5-8D5F-46C9-88FE-9093DE13F8B5}"
EndProject
Project("{FAE04EC0-301F-11D3-BF4B-00C04F79EFBC}") = "FaceRecognitionApplication", "..\face-recognition-application\FaceRecognitionApplication\FaceRecognitionApplication.csproj", "{63F8AE1E-C3B9-4B10-8CF1-7808DC6078AA}"
EndProject
Global
	GlobalSection(SolutionConfigurationPlatforms) = preSolution
		Debug|Any CPU = Debug|Any CPU
		Release|Any CPU = Release|Any CPU
	EndGlobalSection
	GlobalSection(ProjectConfigurationPlatforms) = postSolution
		{D4B223E5-8D5F-46C9-88FE-9093DE13F8B5}.Debug|Any CPU.ActiveCfg = Debug|Any CPU
		{D4B223E5-8D5F-46C9-88FE-9093DE13F8B5}.Debug|Any CPU.Build.0 = Debug|Any CPU
		{D4B223E5-8D5F-46C9-88FE-9093DE13F8B5}.Release|Any CPU.ActiveCfg = Release|Any CPU
		{D4B223E5-8D5F-46C9-88FE-9093DE13F8B5}.Release|Any CPU.Build.0 = Release|Any CPU
		{63F8AE1E-C3B9-4B10-8CF1-7808DC6078AA}.Debug|Any CPU.ActiveCfg = Debug|Any CPU
		{63F8AE1E-C3B9-4B10-8CF1-7808DC6078AA}.Debug|Any CPU.Build.0 = Debug|Any CPU
		{63F8AE1E-C3B9-4B10-8CF1-7808DC6078AA}.Release|Any CPU.ActiveCfg = Release|Any CPU
		{63F8AE1E-C3B9-4B10-8CF1-7808DC6078AA}.Release|Any CPU.Build.0 = Release|Any CPU
	EndGlobalSection
	GlobalSection(SolutionProperties) = preSolution
		HideSolutionNode = FALSE
	EndGlobalSection
	GlobalSection(ExtensibilityGlobals) = postSolution
		SolutionGuid = {DA819F4F-315B-4540-9C40-3CB675AAC57F}
	EndGlobalSection
EndGlobal
